pipeline_output/DONE.txt
pipeline_output/03_output_files/04_zip_archives/pb_all_newBalance.zip
pipeline_output/03_output_files/04_zip_archives/pb_refseq_newBalance.zip
pipeline_output/03_output_files/04_zip_archives/pb_iso_newBalance.zip
pipeline_output/03_output_files/01_dna_probes/pb_all_newBalance.tsv
pipeline_output/03_output_files/02_rna_probes_all/pb_refseq_newBalance.tsv
pipeline_output/03_output_files/03_rna_probes_iso/pb_iso_newBalance.tsv
pipeline_output/01_reference_files/03_chrom_fastas
pipeline_output/01_reference_files/03_chrom_fastas
pipeline_output/01_reference_files/05_annotation_files/pb.bed
pipeline_output/01_reference_files/03_chrom_fastas
pipeline_output/01_reference_files/05_annotation_files/pb_iso_flat.bed
pipeline_output/01_reference_files/02_multi_fasta/pb.fa
pipeline_output/01_reference_files/01_chrom_names/chrom_names.txt
pb.gtf
pipeline_output/01_reference_files/01_chrom_names/chrom_names.txt
pipeline_output/01_reference_files/05_annotation_files/pb.bed
pb.fna
